
Microsoft Visual Studio Solution File, Format Version 12.00
# Visual Studio Version 17
VisualStudioVersion = 17.8.34511.84
MinimumVisualStudioVersion = 10.0.40219.1
Project("{9A19103F-16F7-4668-BE54-9A1E7A4F7556}") = "ExpertSenderUserApp.Web", "ExpertSenderUserApp.Web\ExpertSenderUserApp.Web.csproj", "{0EA03992-1F43-4DD4-BA91-4CD0F0AE78A4}"
EndProject
Project("{9A19103F-16F7-4668-BE54-9A1E7A4F7556}") = "ExpertSenderUserApp.Models", "ExpertSenderUserApp.Models\ExpertSenderUserApp.Models.csproj", "{038EF200-2CFD-44D8-B470-0BAEA69FCFD5}"
EndProject
Project("{FAE04EC0-301F-11D3-BF4B-00C04F79EFBC}") = "ExpertSenderUserApp.DataAccess", "ExpertSenderUserApp.DataAccess\ExpertSenderUserApp.DataAccess.csproj", "{76381485-6044-4FE9-BF85-1BE7ECC9F9EA}"
EndProject
Global
	GlobalSection(SolutionConfigurationPlatforms) = preSolution
		Debug|Any CPU = Debug|Any CPU
		Release|Any CPU = Release|Any CPU
	EndGlobalSection
	GlobalSection(ProjectConfigurationPlatforms) = postSolution
		{0EA03992-1F43-4DD4-BA91-4CD0F0AE78A4}.Debug|Any CPU.ActiveCfg = Debug|Any CPU
		{0EA03992-1F43-4DD4-BA91-4CD0F0AE78A4}.Debug|Any CPU.Build.0 = Debug|Any CPU
		{0EA03992-1F43-4DD4-BA91-4CD0F0AE78A4}.Release|Any CPU.ActiveCfg = Release|Any CPU
		{0EA03992-1F43-4DD4-BA91-4CD0F0AE78A4}.Release|Any CPU.Build.0 = Release|Any CPU
		{038EF200-2CFD-44D8-B470-0BAEA69FCFD5}.Debug|Any CPU.ActiveCfg = Debug|Any CPU
		{038EF200-2CFD-44D8-B470-0BAEA69FCFD5}.Debug|Any CPU.Build.0 = Debug|Any CPU
		{038EF200-2CFD-44D8-B470-0BAEA69FCFD5}.Release|Any CPU.ActiveCfg = Release|Any CPU
		{038EF200-2CFD-44D8-B470-0BAEA69FCFD5}.Release|Any CPU.Build.0 = Release|Any CPU
		{76381485-6044-4FE9-BF85-1BE7ECC9F9EA}.Debug|Any CPU.ActiveCfg = Debug|Any CPU
		{76381485-6044-4FE9-BF85-1BE7ECC9F9EA}.Debug|Any CPU.Build.0 = Debug|Any CPU
		{76381485-6044-4FE9-BF85-1BE7ECC9F9EA}.Release|Any CPU.ActiveCfg = Release|Any CPU
		{76381485-6044-4FE9-BF85-1BE7ECC9F9EA}.Release|Any CPU.Build.0 = Release|Any CPU
	EndGlobalSection
	GlobalSection(SolutionProperties) = preSolution
		HideSolutionNode = FALSE
	EndGlobalSection
	GlobalSection(ExtensibilityGlobals) = postSolution
		SolutionGuid = {430A899A-A0D8-4CF0-AC0D-73BC561D2741}
	EndGlobalSection
EndGlobal
